
Microsoft Visual Studio Solution File, Format Version 12.00
# Visual Studio Version 17
VisualStudioVersion = 17.7.34024.191
MinimumVisualStudioVersion = 10.0.40219.1
Project("{FAE04EC0-301F-11D3-BF4B-00C04F79EFBC}") = "Project", "Project\Project.csproj", "{40D3A0E9-4070-43A7-8714-30431822579A}"
EndProject
Global
	GlobalSection(SolutionConfigurationPlatforms) = preSolution
		Debug|Any CPU = Debug|Any CPU
		Release|Any CPU = Release|Any CPU
	EndGlobalSection
	GlobalSection(ProjectConfigurationPlatforms) = postSolution
		{40D3A0E9-4070-43A7-8714-30431822579A}.Debug|Any CPU.ActiveCfg = Debug|Any CPU
		{40D3A0E9-4070-43A7-8714-30431822579A}.Debug|Any CPU.Build.0 = Debug|Any CPU
		{40D3A0E9-4070-43A7-8714-30431822579A}.Release|Any CPU.ActiveCfg = Release|Any CPU
		{40D3A0E9-4070-43A7-8714-30431822579A}.Release|Any CPU.Build.0 = Release|Any CPU
	EndGlobalSection
	GlobalSection(SolutionProperties) = preSolution
		HideSolutionNode = FALSE
	EndGlobalSection
	GlobalSection(ExtensibilityGlobals) = postSolution
		SolutionGuid = {F7A8907E-C5FA-49DA-83F8-8CF911569310}
	EndGlobalSection
EndGlobal
